
Microsoft Visual Studio Solution File, Format Version 12.00
# Visual Studio 15
VisualStudioVersion = 15.0.26730.16
MinimumVisualStudioVersion = 10.0.40219.1
Project("{FAE04EC0-301F-11D3-BF4B-00C04F79EFBC}") = "ASPCoreWithAngular", "ASPCoreWithAngular\ASPCoreWithAngular.csproj", "{BE5F8F24-4289-4454-966B-2E12805562C3}"
EndProject
Global
	GlobalSection(SolutionConfigurationPlatforms) = preSolution
		Debug|Any CPU = Debug|Any CPU
		Release|Any CPU = Release|Any CPU
	EndGlobalSection
	GlobalSection(ProjectConfigurationPlatforms) = postSolution
		{BE5F8F24-4289-4454-966B-2E12805562C3}.Debug|Any CPU.ActiveCfg = Debug|Any CPU
		{BE5F8F24-4289-4454-966B-2E12805562C3}.Debug|Any CPU.Build.0 = Debug|Any CPU
		{BE5F8F24-4289-4454-966B-2E12805562C3}.Release|Any CPU.ActiveCfg = Release|Any CPU
		{BE5F8F24-4289-4454-966B-2E12805562C3}.Release|Any CPU.Build.0 = Release|Any CPU
	EndGlobalSection
	GlobalSection(SolutionProperties) = preSolution
		HideSolutionNode = FALSE
	EndGlobalSection
	GlobalSection(ExtensibilityGlobals) = postSolution
		SolutionGuid = {244C7CAA-79DF-4197-B7A5-B7AEF4BCB994}
	EndGlobalSection
EndGlobal
